{
    "_readme": [
        "This file locks the dependencies of your project to a known state",
        "Read more about it at http://getcomposer.org/doc/01-basic-usage.md#composer-lock-the-lock-file"
    ],
    "hash": "8ec3e6d58f081d909d63bd060614b225",
    "packages": [
        {
            "name": "afa/database",
            "version": "dev-master",
            "source": {
                "type": "git",
                "url": "https://github.com/andyfarkas/Afa.Database.git",
                "reference": "10865375508a7912b2a3d4957548b82127361fdd"
            },
            "dist": {
                "type": "zip",
                "url": "https://api.github.com/repos/andyfarkas/Afa.Database/zipball/10865375508a7912b2a3d4957548b82127361fdd",
                "reference": "10865375508a7912b2a3d4957548b82127361fdd",
                "shasum": ""
            },
            "type": "library",
            "autoload": {
                "psr-4": {
                    "Afa\\": "src\\Afa"
                }
            },
            "support": {
                "source": "https://github.com/andyfarkas/Afa.Database/tree/master",
                "issues": "https://github.com/andyfarkas/Afa.Database/issues"
            },
            "time": "2014-03-21 09:36:40"
        }
    ],
    "packages-dev": [

    ],
    "aliases": [

    ],
    "minimum-stability": "dev",
    "stability-flags": {
        "afa/database": 20
    },
    "platform": [

    ],
    "platform-dev": [

    ]
}
